// !$*UTF8*$!
{
	archiveVersion = 1;
	classes = {
	};
	objectVersion = 56;
	objects = {

/* Begin PBXBuildFile section */
		695726082A48E215006F5A76 /* SelectorViewProtocol.swift in Sources */ = {isa = PBXBuildFile; fileRef = 695726072A48E215006F5A76 /* SelectorViewProtocol.swift */; };
		69589E512A49DC2A009E2267 /* RegionalityType.swift in Sources */ = {isa = PBXBuildFile; fileRef = 69589E502A49DC2A009E2267 /* RegionalityType.swift */; };
		69589E572A49FCF4009E2267 /* EquipmentsEntity.swift in Sources */ = {isa = PBXBuildFile; fileRef = 69589E562A49FCF4009E2267 /* EquipmentsEntity.swift */; };
		69589E592A4A003F009E2267 /* RegionalityViewDelegate.swift in Sources */ = {isa = PBXBuildFile; fileRef = 69589E582A4A003F009E2267 /* RegionalityViewDelegate.swift */; };
		69589E5B2A4A0196009E2267 /* RegionalityViewModelProtocol.swift in Sources */ = {isa = PBXBuildFile; fileRef = 69589E5A2A4A0196009E2267 /* RegionalityViewModelProtocol.swift */; };
		69589E5E2A4A03D9009E2267 /* RegionalityViewModelDelegate.swift in Sources */ = {isa = PBXBuildFile; fileRef = 69589E5D2A4A03D9009E2267 /* RegionalityViewModelDelegate.swift */; };
		69589E602A4A25FF009E2267 /* EquipmentsViewController.swift in Sources */ = {isa = PBXBuildFile; fileRef = 69589E5F2A4A25FF009E2267 /* EquipmentsViewController.swift */; };
		69589E632A4A262B009E2267 /* EquipmentsView.swift in Sources */ = {isa = PBXBuildFile; fileRef = 69589E622A4A262B009E2267 /* EquipmentsView.swift */; };
		69589E652A4A2666009E2267 /* EquipmentsViewProtocol.swift in Sources */ = {isa = PBXBuildFile; fileRef = 69589E642A4A2666009E2267 /* EquipmentsViewProtocol.swift */; };
		69589E682A4A36D3009E2267 /* ControllCenterView.swift in Sources */ = {isa = PBXBuildFile; fileRef = 69589E672A4A36D3009E2267 /* ControllCenterView.swift */; };
		69589E6B2A4A3844009E2267 /* TagView.swift in Sources */ = {isa = PBXBuildFile; fileRef = 69589E6A2A4A3844009E2267 /* TagView.swift */; };
		69589E6D2A4B493B009E2267 /* ControllCenterProtocol.swift in Sources */ = {isa = PBXBuildFile; fileRef = 69589E6C2A4B493B009E2267 /* ControllCenterProtocol.swift */; };
		69589E702A4B6290009E2267 /* Colors.swift in Sources */ = {isa = PBXBuildFile; fileRef = 69589E6F2A4B6290009E2267 /* Colors.swift */; };
		69589E742A4B6B4F009E2267 /* TagViewProtocol.swift in Sources */ = {isa = PBXBuildFile; fileRef = 69589E732A4B6B4F009E2267 /* TagViewProtocol.swift */; };
		69589E762A51BF45009E2267 /* EquipmentsViewModel.swift in Sources */ = {isa = PBXBuildFile; fileRef = 69589E752A51BF45009E2267 /* EquipmentsViewModel.swift */; };
		69589E792A51BF70009E2267 /* EquipmentsViewModelProtocol.swift in Sources */ = {isa = PBXBuildFile; fileRef = 69589E782A51BF70009E2267 /* EquipmentsViewModelProtocol.swift */; };
		69589E7C2A51C367009E2267 /* Labels.swift in Sources */ = {isa = PBXBuildFile; fileRef = 69589E7B2A51C367009E2267 /* Labels.swift */; };
		69589E7E2A51C9A1009E2267 /* EquipmentsViewModelDelegate.swift in Sources */ = {isa = PBXBuildFile; fileRef = 69589E7D2A51C9A1009E2267 /* EquipmentsViewModelDelegate.swift */; };
		69B39EC92A322BE90037724D /* AppDelegate.swift in Sources */ = {isa = PBXBuildFile; fileRef = 69B39EC82A322BE90037724D /* AppDelegate.swift */; };
		69B39ECB2A322BE90037724D /* SceneDelegate.swift in Sources */ = {isa = PBXBuildFile; fileRef = 69B39ECA2A322BE90037724D /* SceneDelegate.swift */; };
		69B39ECD2A322BE90037724D /* RegionalityViewController.swift in Sources */ = {isa = PBXBuildFile; fileRef = 69B39ECC2A322BE90037724D /* RegionalityViewController.swift */; };
		69B39ED22A322BEA0037724D /* Assets.xcassets in Resources */ = {isa = PBXBuildFile; fileRef = 69B39ED12A322BEA0037724D /* Assets.xcassets */; };
		69B39ED52A322BEA0037724D /* LaunchScreen.storyboard in Resources */ = {isa = PBXBuildFile; fileRef = 69B39ED32A322BEA0037724D /* LaunchScreen.storyboard */; };
		69B39EE02A3259CF0037724D /* OnboardingViewController.swift in Sources */ = {isa = PBXBuildFile; fileRef = 69B39EDF2A3259CF0037724D /* OnboardingViewController.swift */; };
		69B39EE32A325A410037724D /* OnboardingView.swift in Sources */ = {isa = PBXBuildFile; fileRef = 69B39EE22A325A410037724D /* OnboardingView.swift */; };
		69B39EE62A3263390037724D /* Metrics.swift in Sources */ = {isa = PBXBuildFile; fileRef = 69B39EE52A3263390037724D /* Metrics.swift */; };
		69B39EE82A326C980037724D /* OnboardingViewProtocol.swift in Sources */ = {isa = PBXBuildFile; fileRef = 69B39EE72A326C980037724D /* OnboardingViewProtocol.swift */; };
		69B39EEA2A3637B70037724D /* RegionalityView.swift in Sources */ = {isa = PBXBuildFile; fileRef = 69B39EE92A3637B70037724D /* RegionalityView.swift */; };
		69B39EEC2A3637EA0037724D /* RegionalityViewProtocol.swift in Sources */ = {isa = PBXBuildFile; fileRef = 69B39EEB2A3637EA0037724D /* RegionalityViewProtocol.swift */; };
		69B39EF42A36442D0037724D /* CardView.swift in Sources */ = {isa = PBXBuildFile; fileRef = 69B39EF32A36442D0037724D /* CardView.swift */; };
		69B39EF62A36444F0037724D /* CardViewProtocol.swift in Sources */ = {isa = PBXBuildFile; fileRef = 69B39EF52A36444F0037724D /* CardViewProtocol.swift */; };
		69B39EF92A367A260037724D /* Icon+DescriptionLabel.swift in Sources */ = {isa = PBXBuildFile; fileRef = 69B39EF82A367A260037724D /* Icon+DescriptionLabel.swift */; };
		69B39EFB2A367E760037724D /* Icon+DescriptionLabelProtocol.swift in Sources */ = {isa = PBXBuildFile; fileRef = 69B39EFA2A367E760037724D /* Icon+DescriptionLabelProtocol.swift */; };
		69B39EFF2A3683B20037724D /* FooterView.swift in Sources */ = {isa = PBXBuildFile; fileRef = 69B39EFE2A3683B20037724D /* FooterView.swift */; };
		69B39F012A3684F70037724D /* FooterViewProtocol.swift in Sources */ = {isa = PBXBuildFile; fileRef = 69B39F002A3684F70037724D /* FooterViewProtocol.swift */; };
		69B39F032A38DE470037724D /* OnboardingViewDelegate.swift in Sources */ = {isa = PBXBuildFile; fileRef = 69B39F022A38DE470037724D /* OnboardingViewDelegate.swift */; };
		69B39F052A38E8250037724D /* FooterViewDelegate.swift in Sources */ = {isa = PBXBuildFile; fileRef = 69B39F042A38E8250037724D /* FooterViewDelegate.swift */; };
		69C46EA92A48F76900A1031E /* RegionalityViewModel.swift in Sources */ = {isa = PBXBuildFile; fileRef = 69C46EA82A48F76900A1031E /* RegionalityViewModel.swift */; };
		69D5F0A52A48D92C00A50CC4 /* SelectorView.swift in Sources */ = {isa = PBXBuildFile; fileRef = 69D5F0A42A48D92C00A50CC4 /* SelectorView.swift */; };
/* End PBXBuildFile section */

/* Begin PBXFileReference section */
		695726072A48E215006F5A76 /* SelectorViewProtocol.swift */ = {isa = PBXFileReference; lastKnownFileType = sourcecode.swift; path = SelectorViewProtocol.swift; sourceTree = "<group>"; };
		69589E502A49DC2A009E2267 /* RegionalityType.swift */ = {isa = PBXFileReference; lastKnownFileType = sourcecode.swift; path = RegionalityType.swift; sourceTree = "<group>"; };
		69589E562A49FCF4009E2267 /* EquipmentsEntity.swift */ = {isa = PBXFileReference; lastKnownFileType = sourcecode.swift; path = EquipmentsEntity.swift; sourceTree = "<group>"; };
		69589E582A4A003F009E2267 /* RegionalityViewDelegate.swift */ = {isa = PBXFileReference; lastKnownFileType = sourcecode.swift; path = RegionalityViewDelegate.swift; sourceTree = "<group>"; };
		69589E5A2A4A0196009E2267 /* RegionalityViewModelProtocol.swift */ = {isa = PBXFileReference; lastKnownFileType = sourcecode.swift; path = RegionalityViewModelProtocol.swift; sourceTree = "<group>"; };
		69589E5D2A4A03D9009E2267 /* RegionalityViewModelDelegate.swift */ = {isa = PBXFileReference; lastKnownFileType = sourcecode.swift; path = RegionalityViewModelDelegate.swift; sourceTree = "<group>"; };
		69589E5F2A4A25FF009E2267 /* EquipmentsViewController.swift */ = {isa = PBXFileReference; lastKnownFileType = sourcecode.swift; path = EquipmentsViewController.swift; sourceTree = "<group>"; };
		69589E622A4A262B009E2267 /* EquipmentsView.swift */ = {isa = PBXFileReference; lastKnownFileType = sourcecode.swift; path = EquipmentsView.swift; sourceTree = "<group>"; };
		69589E642A4A2666009E2267 /* EquipmentsViewProtocol.swift */ = {isa = PBXFileReference; lastKnownFileType = sourcecode.swift; path = EquipmentsViewProtocol.swift; sourceTree = "<group>"; };
		69589E672A4A36D3009E2267 /* ControllCenterView.swift */ = {isa = PBXFileReference; lastKnownFileType = sourcecode.swift; path = ControllCenterView.swift; sourceTree = "<group>"; };
		69589E6A2A4A3844009E2267 /* TagView.swift */ = {isa = PBXFileReference; lastKnownFileType = sourcecode.swift; path = TagView.swift; sourceTree = "<group>"; };
		69589E6C2A4B493B009E2267 /* ControllCenterProtocol.swift */ = {isa = PBXFileReference; lastKnownFileType = sourcecode.swift; path = ControllCenterProtocol.swift; sourceTree = "<group>"; };
		69589E6F2A4B6290009E2267 /* Colors.swift */ = {isa = PBXFileReference; lastKnownFileType = sourcecode.swift; path = Colors.swift; sourceTree = "<group>"; };
		69589E732A4B6B4F009E2267 /* TagViewProtocol.swift */ = {isa = PBXFileReference; lastKnownFileType = sourcecode.swift; path = TagViewProtocol.swift; sourceTree = "<group>"; };
		69589E752A51BF45009E2267 /* EquipmentsViewModel.swift */ = {isa = PBXFileReference; lastKnownFileType = sourcecode.swift; path = EquipmentsViewModel.swift; sourceTree = "<group>"; };
		69589E782A51BF70009E2267 /* EquipmentsViewModelProtocol.swift */ = {isa = PBXFileReference; lastKnownFileType = sourcecode.swift; path = EquipmentsViewModelProtocol.swift; sourceTree = "<group>"; };
		69589E7B2A51C367009E2267 /* Labels.swift */ = {isa = PBXFileReference; lastKnownFileType = sourcecode.swift; path = Labels.swift; sourceTree = "<group>"; };
		69589E7D2A51C9A1009E2267 /* EquipmentsViewModelDelegate.swift */ = {isa = PBXFileReference; lastKnownFileType = sourcecode.swift; path = EquipmentsViewModelDelegate.swift; sourceTree = "<group>"; };
		69B39EC52A322BE90037724D /* LoadWise.app */ = {isa = PBXFileReference; explicitFileType = wrapper.application; includeInIndex = 0; path = LoadWise.app; sourceTree = BUILT_PRODUCTS_DIR; };
		69B39EC82A322BE90037724D /* AppDelegate.swift */ = {isa = PBXFileReference; lastKnownFileType = sourcecode.swift; path = AppDelegate.swift; sourceTree = "<group>"; };
		69B39ECA2A322BE90037724D /* SceneDelegate.swift */ = {isa = PBXFileReference; lastKnownFileType = sourcecode.swift; path = SceneDelegate.swift; sourceTree = "<group>"; };
		69B39ECC2A322BE90037724D /* RegionalityViewController.swift */ = {isa = PBXFileReference; lastKnownFileType = sourcecode.swift; path = RegionalityViewController.swift; sourceTree = "<group>"; };
		69B39ED12A322BEA0037724D /* Assets.xcassets */ = {isa = PBXFileReference; lastKnownFileType = folder.assetcatalog; path = Assets.xcassets; sourceTree = "<group>"; };
		69B39ED42A322BEA0037724D /* Base */ = {isa = PBXFileReference; lastKnownFileType = file.storyboard; name = Base; path = Base.lproj/LaunchScreen.storyboard; sourceTree = "<group>"; };
		69B39ED62A322BEA0037724D /* Info.plist */ = {isa = PBXFileReference; lastKnownFileType = text.plist.xml; path = Info.plist; sourceTree = "<group>"; };
		69B39EDF2A3259CF0037724D /* OnboardingViewController.swift */ = {isa = PBXFileReference; lastKnownFileType = sourcecode.swift; path = OnboardingViewController.swift; sourceTree = "<group>"; };
		69B39EE22A325A410037724D /* OnboardingView.swift */ = {isa = PBXFileReference; lastKnownFileType = sourcecode.swift; path = OnboardingView.swift; sourceTree = "<group>"; };
		69B39EE52A3263390037724D /* Metrics.swift */ = {isa = PBXFileReference; lastKnownFileType = sourcecode.swift; path = Metrics.swift; sourceTree = "<group>"; };
		69B39EE72A326C980037724D /* OnboardingViewProtocol.swift */ = {isa = PBXFileReference; lastKnownFileType = sourcecode.swift; path = OnboardingViewProtocol.swift; sourceTree = "<group>"; };
		69B39EE92A3637B70037724D /* RegionalityView.swift */ = {isa = PBXFileReference; lastKnownFileType = sourcecode.swift; path = RegionalityView.swift; sourceTree = "<group>"; };
		69B39EEB2A3637EA0037724D /* RegionalityViewProtocol.swift */ = {isa = PBXFileReference; lastKnownFileType = sourcecode.swift; path = RegionalityViewProtocol.swift; sourceTree = "<group>"; };
		69B39EF32A36442D0037724D /* CardView.swift */ = {isa = PBXFileReference; lastKnownFileType = sourcecode.swift; path = CardView.swift; sourceTree = "<group>"; };
		69B39EF52A36444F0037724D /* CardViewProtocol.swift */ = {isa = PBXFileReference; lastKnownFileType = sourcecode.swift; path = CardViewProtocol.swift; sourceTree = "<group>"; };
		69B39EF82A367A260037724D /* Icon+DescriptionLabel.swift */ = {isa = PBXFileReference; lastKnownFileType = sourcecode.swift; path = "Icon+DescriptionLabel.swift"; sourceTree = "<group>"; };
		69B39EFA2A367E760037724D /* Icon+DescriptionLabelProtocol.swift */ = {isa = PBXFileReference; lastKnownFileType = sourcecode.swift; path = "Icon+DescriptionLabelProtocol.swift"; sourceTree = "<group>"; };
		69B39EFE2A3683B20037724D /* FooterView.swift */ = {isa = PBXFileReference; lastKnownFileType = sourcecode.swift; path = FooterView.swift; sourceTree = "<group>"; };
		69B39F002A3684F70037724D /* FooterViewProtocol.swift */ = {isa = PBXFileReference; lastKnownFileType = sourcecode.swift; path = FooterViewProtocol.swift; sourceTree = "<group>"; };
		69B39F022A38DE470037724D /* OnboardingViewDelegate.swift */ = {isa = PBXFileReference; lastKnownFileType = sourcecode.swift; path = OnboardingViewDelegate.swift; sourceTree = "<group>"; };
		69B39F042A38E8250037724D /* FooterViewDelegate.swift */ = {isa = PBXFileReference; lastKnownFileType = sourcecode.swift; path = FooterViewDelegate.swift; sourceTree = "<group>"; };
		69C46EA82A48F76900A1031E /* RegionalityViewModel.swift */ = {isa = PBXFileReference; lastKnownFileType = sourcecode.swift; path = RegionalityViewModel.swift; sourceTree = "<group>"; };
		69D5F0A42A48D92C00A50CC4 /* SelectorView.swift */ = {isa = PBXFileReference; lastKnownFileType = sourcecode.swift; path = SelectorView.swift; sourceTree = "<group>"; };
/* End PBXFileReference section */

/* Begin PBXFrameworksBuildPhase section */
		69B39EC22A322BE90037724D /* Frameworks */ = {
			isa = PBXFrameworksBuildPhase;
			buildActionMask = 2147483647;
			files = (
			);
			runOnlyForDeploymentPostprocessing = 0;
		};
/* End PBXFrameworksBuildPhase section */

/* Begin PBXGroup section */
		69589E4E2A49DC12009E2267 /* Models */ = {
			isa = PBXGroup;
			children = (
				69589E7A2A51C331009E2267 /* Labels */,
				69589E6E2A4B627A009E2267 /* Colors */,
				69589E4F2A49DC1A009E2267 /* Regionality */,
			);
			path = Models;
			sourceTree = "<group>";
		};
		69589E4F2A49DC1A009E2267 /* Regionality */ = {
			isa = PBXGroup;
			children = (
				69589E502A49DC2A009E2267 /* RegionalityType.swift */,
			);
			path = Regionality;
			sourceTree = "<group>";
		};
		69589E522A49FC7A009E2267 /* Equipments */ = {
			isa = PBXGroup;
			children = (
				69589E772A51BF56009E2267 /* ViewModel */,
				69589E612A4A261E009E2267 /* View */,
				69589E552A49FCE2009E2267 /* Entity */,
				69589E5F2A4A25FF009E2267 /* EquipmentsViewController.swift */,
			);
			path = Equipments;
			sourceTree = "<group>";
		};
		69589E552A49FCE2009E2267 /* Entity */ = {
			isa = PBXGroup;
			children = (
				69589E562A49FCF4009E2267 /* EquipmentsEntity.swift */,
			);
			path = Entity;
			sourceTree = "<group>";
		};
		69589E5C2A4A03B8009E2267 /* ViewModel */ = {
			isa = PBXGroup;
			children = (
				69589E5A2A4A0196009E2267 /* RegionalityViewModelProtocol.swift */,
				69589E5D2A4A03D9009E2267 /* RegionalityViewModelDelegate.swift */,
				69C46EA82A48F76900A1031E /* RegionalityViewModel.swift */,
			);
			path = ViewModel;
			sourceTree = "<group>";
		};
		69589E612A4A261E009E2267 /* View */ = {
			isa = PBXGroup;
			children = (
				69589E622A4A262B009E2267 /* EquipmentsView.swift */,
				69589E642A4A2666009E2267 /* EquipmentsViewProtocol.swift */,
			);
			path = View;
			sourceTree = "<group>";
		};
		69589E662A4A36A1009E2267 /* ControllCenter */ = {
			isa = PBXGroup;
			children = (
				69589E672A4A36D3009E2267 /* ControllCenterView.swift */,
				69589E6C2A4B493B009E2267 /* ControllCenterProtocol.swift */,
			);
			path = ControllCenter;
			sourceTree = "<group>";
		};
		69589E692A4A382F009E2267 /* Tag */ = {
			isa = PBXGroup;
			children = (
				69589E6A2A4A3844009E2267 /* TagView.swift */,
				69589E732A4B6B4F009E2267 /* TagViewProtocol.swift */,
			);
			path = Tag;
			sourceTree = "<group>";
		};
		69589E6E2A4B627A009E2267 /* Colors */ = {
			isa = PBXGroup;
			children = (
				69589E6F2A4B6290009E2267 /* Colors.swift */,
			);
			path = Colors;
			sourceTree = "<group>";
		};
		69589E772A51BF56009E2267 /* ViewModel */ = {
			isa = PBXGroup;
			children = (
				69589E752A51BF45009E2267 /* EquipmentsViewModel.swift */,
				69589E782A51BF70009E2267 /* EquipmentsViewModelProtocol.swift */,
				69589E7D2A51C9A1009E2267 /* EquipmentsViewModelDelegate.swift */,
			);
			path = ViewModel;
			sourceTree = "<group>";
		};
		69589E7A2A51C331009E2267 /* Labels */ = {
			isa = PBXGroup;
			children = (
				69589E7B2A51C367009E2267 /* Labels.swift */,
			);
			path = Labels;
			sourceTree = "<group>";
		};
		69B39EBC2A322BE90037724D = {
			isa = PBXGroup;
			children = (
				69B39EC72A322BE90037724D /* LoadWise */,
				69B39EC62A322BE90037724D /* Products */,
			);
			sourceTree = "<group>";
		};
		69B39EC62A322BE90037724D /* Products */ = {
			isa = PBXGroup;
			children = (
				69B39EC52A322BE90037724D /* LoadWise.app */,
			);
			name = Products;
			sourceTree = "<group>";
		};
		69B39EC72A322BE90037724D /* LoadWise */ = {
			isa = PBXGroup;
			children = (
				69B39EE42A32632B0037724D /* Sources */,
				69B39EDE2A3259A80037724D /* Onboarding */,
				69B39EDC2A3236BB0037724D /* Regionality */,
				69589E522A49FC7A009E2267 /* Equipments */,
				69B39EC82A322BE90037724D /* AppDelegate.swift */,
				69B39ECA2A322BE90037724D /* SceneDelegate.swift */,
				69B39ED12A322BEA0037724D /* Assets.xcassets */,
				69B39ED32A322BEA0037724D /* LaunchScreen.storyboard */,
				69B39ED62A322BEA0037724D /* Info.plist */,
			);
			path = LoadWise;
			sourceTree = "<group>";
		};
		69B39EDC2A3236BB0037724D /* Regionality */ = {
			isa = PBXGroup;
			children = (
				69589E5C2A4A03B8009E2267 /* ViewModel */,
				69B39EDD2A3237860037724D /* View */,
				69B39ECC2A322BE90037724D /* RegionalityViewController.swift */,
			);
			path = Regionality;
			sourceTree = "<group>";
		};
		69B39EDD2A3237860037724D /* View */ = {
			isa = PBXGroup;
			children = (
				69B39EE92A3637B70037724D /* RegionalityView.swift */,
				69B39EEB2A3637EA0037724D /* RegionalityViewProtocol.swift */,
				69589E582A4A003F009E2267 /* RegionalityViewDelegate.swift */,
			);
			path = View;
			sourceTree = "<group>";
		};
		69B39EDE2A3259A80037724D /* Onboarding */ = {
			isa = PBXGroup;
			children = (
				69B39EE12A325A200037724D /* View */,
				69B39EDF2A3259CF0037724D /* OnboardingViewController.swift */,
			);
			path = Onboarding;
			sourceTree = "<group>";
		};
		69B39EE12A325A200037724D /* View */ = {
			isa = PBXGroup;
			children = (
				69B39EE22A325A410037724D /* OnboardingView.swift */,
				69B39EE72A326C980037724D /* OnboardingViewProtocol.swift */,
				69B39F022A38DE470037724D /* OnboardingViewDelegate.swift */,
			);
			path = View;
			sourceTree = "<group>";
		};
		69B39EE42A32632B0037724D /* Sources */ = {
			isa = PBXGroup;
			children = (
				69589E4E2A49DC12009E2267 /* Models */,
				69B39EF12A3644020037724D /* Components */,
			);
			path = Sources;
			sourceTree = "<group>";
		};
		69B39EF12A3644020037724D /* Components */ = {
			isa = PBXGroup;
			children = (
				69589E692A4A382F009E2267 /* Tag */,
				69589E662A4A36A1009E2267 /* ControllCenter */,
				69D5F0A32A48D91300A50CC4 /* Selector */,
				69B39EFD2A3683820037724D /* Footer */,
				69B39EFC2A3680C40037724D /* Commons */,
				69B39EF72A367A000037724D /* Icon+DescriptionLabel */,
				69B39EF22A36440C0037724D /* RegionalityCard */,
			);
			path = Components;
			sourceTree = "<group>";
		};
		69B39EF22A36440C0037724D /* RegionalityCard */ = {
			isa = PBXGroup;
			children = (
				69B39EF32A36442D0037724D /* CardView.swift */,
				69B39EF52A36444F0037724D /* CardViewProtocol.swift */,
			);
			path = RegionalityCard;
			sourceTree = "<group>";
		};
		69B39EF72A367A000037724D /* Icon+DescriptionLabel */ = {
			isa = PBXGroup;
			children = (
				69B39EF82A367A260037724D /* Icon+DescriptionLabel.swift */,
				69B39EFA2A367E760037724D /* Icon+DescriptionLabelProtocol.swift */,
			);
			path = "Icon+DescriptionLabel";
			sourceTree = "<group>";
		};
		69B39EFC2A3680C40037724D /* Commons */ = {
			isa = PBXGroup;
			children = (
				69B39EE52A3263390037724D /* Metrics.swift */,
			);
			path = Commons;
			sourceTree = "<group>";
		};
		69B39EFD2A3683820037724D /* Footer */ = {
			isa = PBXGroup;
			children = (
				69B39EFE2A3683B20037724D /* FooterView.swift */,
				69B39F002A3684F70037724D /* FooterViewProtocol.swift */,
				69B39F042A38E8250037724D /* FooterViewDelegate.swift */,
			);
			path = Footer;
			sourceTree = "<group>";
		};
		69D5F0A32A48D91300A50CC4 /* Selector */ = {
			isa = PBXGroup;
			children = (
				69D5F0A42A48D92C00A50CC4 /* SelectorView.swift */,
				695726072A48E215006F5A76 /* SelectorViewProtocol.swift */,
			);
			path = Selector;
			sourceTree = "<group>";
		};
/* End PBXGroup section */

/* Begin PBXNativeTarget section */
		69B39EC42A322BE90037724D /* LoadWise */ = {
			isa = PBXNativeTarget;
			buildConfigurationList = 69B39ED92A322BEA0037724D /* Build configuration list for PBXNativeTarget "LoadWise" */;
			buildPhases = (
				69B39EC12A322BE90037724D /* Sources */,
				69B39EC22A322BE90037724D /* Frameworks */,
				69B39EC32A322BE90037724D /* Resources */,
			);
			buildRules = (
			);
			dependencies = (
			);
			name = LoadWise;
			productName = LoadWise;
			productReference = 69B39EC52A322BE90037724D /* LoadWise.app */;
			productType = "com.apple.product-type.application";
		};
/* End PBXNativeTarget section */

/* Begin PBXProject section */
		69B39EBD2A322BE90037724D /* Project object */ = {
			isa = PBXProject;
			attributes = {
				BuildIndependentTargetsInParallel = 1;
				LastSwiftUpdateCheck = 1420;
				LastUpgradeCheck = 1420;
				TargetAttributes = {
					69B39EC42A322BE90037724D = {
						CreatedOnToolsVersion = 14.2;
					};
				};
			};
			buildConfigurationList = 69B39EC02A322BE90037724D /* Build configuration list for PBXProject "LoadWise" */;
			compatibilityVersion = "Xcode 14.0";
			developmentRegion = en;
			hasScannedForEncodings = 0;
			knownRegions = (
				en,
				Base,
			);
			mainGroup = 69B39EBC2A322BE90037724D;
			productRefGroup = 69B39EC62A322BE90037724D /* Products */;
			projectDirPath = "";
			projectRoot = "";
			targets = (
				69B39EC42A322BE90037724D /* LoadWise */,
			);
		};
/* End PBXProject section */

/* Begin PBXResourcesBuildPhase section */
		69B39EC32A322BE90037724D /* Resources */ = {
			isa = PBXResourcesBuildPhase;
			buildActionMask = 2147483647;
			files = (
				69B39ED52A322BEA0037724D /* LaunchScreen.storyboard in Resources */,
				69B39ED22A322BEA0037724D /* Assets.xcassets in Resources */,
			);
			runOnlyForDeploymentPostprocessing = 0;
		};
/* End PBXResourcesBuildPhase section */

/* Begin PBXSourcesBuildPhase section */
		69B39EC12A322BE90037724D /* Sources */ = {
			isa = PBXSourcesBuildPhase;
			buildActionMask = 2147483647;
			files = (
				69B39F032A38DE470037724D /* OnboardingViewDelegate.swift in Sources */,
				69B39ECD2A322BE90037724D /* RegionalityViewController.swift in Sources */,
				69B39EFF2A3683B20037724D /* FooterView.swift in Sources */,
				69589E762A51BF45009E2267 /* EquipmentsViewModel.swift in Sources */,
				69589E652A4A2666009E2267 /* EquipmentsViewProtocol.swift in Sources */,
				69589E602A4A25FF009E2267 /* EquipmentsViewController.swift in Sources */,
				695726082A48E215006F5A76 /* SelectorViewProtocol.swift in Sources */,
				69B39EE62A3263390037724D /* Metrics.swift in Sources */,
				69589E632A4A262B009E2267 /* EquipmentsView.swift in Sources */,
				69B39EF92A367A260037724D /* Icon+DescriptionLabel.swift in Sources */,
				69B39EF42A36442D0037724D /* CardView.swift in Sources */,
				69B39EC92A322BE90037724D /* AppDelegate.swift in Sources */,
				69589E6B2A4A3844009E2267 /* TagView.swift in Sources */,
				69B39ECB2A322BE90037724D /* SceneDelegate.swift in Sources */,
				69589E7C2A51C367009E2267 /* Labels.swift in Sources */,
				69589E5E2A4A03D9009E2267 /* RegionalityViewModelDelegate.swift in Sources */,
				69589E572A49FCF4009E2267 /* EquipmentsEntity.swift in Sources */,
				69589E5B2A4A0196009E2267 /* RegionalityViewModelProtocol.swift in Sources */,
				69589E592A4A003F009E2267 /* RegionalityViewDelegate.swift in Sources */,
				69B39F012A3684F70037724D /* FooterViewProtocol.swift in Sources */,
				69589E742A4B6B4F009E2267 /* TagViewProtocol.swift in Sources */,
				69589E512A49DC2A009E2267 /* RegionalityType.swift in Sources */,
				69B39EE32A325A410037724D /* OnboardingView.swift in Sources */,
				69B39EEA2A3637B70037724D /* RegionalityView.swift in Sources */,
				69D5F0A52A48D92C00A50CC4 /* SelectorView.swift in Sources */,
				69B39F052A38E8250037724D /* FooterViewDelegate.swift in Sources */,
				69B39EEC2A3637EA0037724D /* RegionalityViewProtocol.swift in Sources */,
				69B39EFB2A367E760037724D /* Icon+DescriptionLabelProtocol.swift in Sources */,
				69589E702A4B6290009E2267 /* Colors.swift in Sources */,
				69C46EA92A48F76900A1031E /* RegionalityViewModel.swift in Sources */,
				69589E792A51BF70009E2267 /* EquipmentsViewModelProtocol.swift in Sources */,
				69B39EE82A326C980037724D /* OnboardingViewProtocol.swift in Sources */,
				69589E7E2A51C9A1009E2267 /* EquipmentsViewModelDelegate.swift in Sources */,
				69B39EF62A36444F0037724D /* CardViewProtocol.swift in Sources */,
				69589E6D2A4B493B009E2267 /* ControllCenterProtocol.swift in Sources */,
				69B39EE02A3259CF0037724D /* OnboardingViewController.swift in Sources */,
				69589E682A4A36D3009E2267 /* ControllCenterView.swift in Sources */,
			);
			runOnlyForDeploymentPostprocessing = 0;
		};
/* End PBXSourcesBuildPhase section */

/* Begin PBXVariantGroup section */
		69B39ED32A322BEA0037724D /* LaunchScreen.storyboard */ = {
			isa = PBXVariantGroup;
			children = (
				69B39ED42A322BEA0037724D /* Base */,
			);
			name = LaunchScreen.storyboard;
			sourceTree = "<group>";
		};
/* End PBXVariantGroup section */

/* Begin XCBuildConfiguration section */
		69B39ED72A322BEA0037724D /* Debug */ = {
			isa = XCBuildConfiguration;
			buildSettings = {
				ALWAYS_SEARCH_USER_PATHS = NO;
				CLANG_ANALYZER_NONNULL = YES;
				CLANG_ANALYZER_NUMBER_OBJECT_CONVERSION = YES_AGGRESSIVE;
				CLANG_CXX_LANGUAGE_STANDARD = "gnu++20";
				CLANG_ENABLE_MODULES = YES;
				CLANG_ENABLE_OBJC_ARC = YES;
				CLANG_ENABLE_OBJC_WEAK = YES;
				CLANG_WARN_BLOCK_CAPTURE_AUTORELEASING = YES;
				CLANG_WARN_BOOL_CONVERSION = YES;
				CLANG_WARN_COMMA = YES;
				CLANG_WARN_CONSTANT_CONVERSION = YES;
				CLANG_WARN_DEPRECATED_OBJC_IMPLEMENTATIONS = YES;
				CLANG_WARN_DIRECT_OBJC_ISA_USAGE = YES_ERROR;
				CLANG_WARN_DOCUMENTATION_COMMENTS = YES;
				CLANG_WARN_EMPTY_BODY = YES;
				CLANG_WARN_ENUM_CONVERSION = YES;
				CLANG_WARN_INFINITE_RECURSION = YES;
				CLANG_WARN_INT_CONVERSION = YES;
				CLANG_WARN_NON_LITERAL_NULL_CONVERSION = YES;
				CLANG_WARN_OBJC_IMPLICIT_RETAIN_SELF = YES;
				CLANG_WARN_OBJC_LITERAL_CONVERSION = YES;
				CLANG_WARN_OBJC_ROOT_CLASS = YES_ERROR;
				CLANG_WARN_QUOTED_INCLUDE_IN_FRAMEWORK_HEADER = YES;
				CLANG_WARN_RANGE_LOOP_ANALYSIS = YES;
				CLANG_WARN_STRICT_PROTOTYPES = YES;
				CLANG_WARN_SUSPICIOUS_MOVE = YES;
				CLANG_WARN_UNGUARDED_AVAILABILITY = YES_AGGRESSIVE;
				CLANG_WARN_UNREACHABLE_CODE = YES;
				CLANG_WARN__DUPLICATE_METHOD_MATCH = YES;
				COPY_PHASE_STRIP = NO;
				DEBUG_INFORMATION_FORMAT = dwarf;
				ENABLE_STRICT_OBJC_MSGSEND = YES;
				ENABLE_TESTABILITY = YES;
				GCC_C_LANGUAGE_STANDARD = gnu11;
				GCC_DYNAMIC_NO_PIC = NO;
				GCC_NO_COMMON_BLOCKS = YES;
				GCC_OPTIMIZATION_LEVEL = 0;
				GCC_PREPROCESSOR_DEFINITIONS = (
					"DEBUG=1",
					"$(inherited)",
				);
				GCC_WARN_64_TO_32_BIT_CONVERSION = YES;
				GCC_WARN_ABOUT_RETURN_TYPE = YES_ERROR;
				GCC_WARN_UNDECLARED_SELECTOR = YES;
				GCC_WARN_UNINITIALIZED_AUTOS = YES_AGGRESSIVE;
				GCC_WARN_UNUSED_FUNCTION = YES;
				GCC_WARN_UNUSED_VARIABLE = YES;
				IPHONEOS_DEPLOYMENT_TARGET = 16.2;
				MTL_ENABLE_DEBUG_INFO = INCLUDE_SOURCE;
				MTL_FAST_MATH = YES;
				ONLY_ACTIVE_ARCH = YES;
				SDKROOT = iphoneos;
				SWIFT_ACTIVE_COMPILATION_CONDITIONS = DEBUG;
				SWIFT_OPTIMIZATION_LEVEL = "-Onone";
			};
			name = Debug;
		};
		69B39ED82A322BEA0037724D /* Release */ = {
			isa = XCBuildConfiguration;
			buildSettings = {
				ALWAYS_SEARCH_USER_PATHS = NO;
				CLANG_ANALYZER_NONNULL = YES;
				CLANG_ANALYZER_NUMBER_OBJECT_CONVERSION = YES_AGGRESSIVE;
				CLANG_CXX_LANGUAGE_STANDARD = "gnu++20";
				CLANG_ENABLE_MODULES = YES;
				CLANG_ENABLE_OBJC_ARC = YES;
				CLANG_ENABLE_OBJC_WEAK = YES;
				CLANG_WARN_BLOCK_CAPTURE_AUTORELEASING = YES;
				CLANG_WARN_BOOL_CONVERSION = YES;
				CLANG_WARN_COMMA = YES;
				CLANG_WARN_CONSTANT_CONVERSION = YES;
				CLANG_WARN_DEPRECATED_OBJC_IMPLEMENTATIONS = YES;
				CLANG_WARN_DIRECT_OBJC_ISA_USAGE = YES_ERROR;
				CLANG_WARN_DOCUMENTATION_COMMENTS = YES;
				CLANG_WARN_EMPTY_BODY = YES;
				CLANG_WARN_ENUM_CONVERSION = YES;
				CLANG_WARN_INFINITE_RECURSION = YES;
				CLANG_WARN_INT_CONVERSION = YES;
				CLANG_WARN_NON_LITERAL_NULL_CONVERSION = YES;
				CLANG_WARN_OBJC_IMPLICIT_RETAIN_SELF = YES;
				CLANG_WARN_OBJC_LITERAL_CONVERSION = YES;
				CLANG_WARN_OBJC_ROOT_CLASS = YES_ERROR;
				CLANG_WARN_QUOTED_INCLUDE_IN_FRAMEWORK_HEADER = YES;
				CLANG_WARN_RANGE_LOOP_ANALYSIS = YES;
				CLANG_WARN_STRICT_PROTOTYPES = YES;
				CLANG_WARN_SUSPICIOUS_MOVE = YES;
				CLANG_WARN_UNGUARDED_AVAILABILITY = YES_AGGRESSIVE;
				CLANG_WARN_UNREACHABLE_CODE = YES;
				CLANG_WARN__DUPLICATE_METHOD_MATCH = YES;
				COPY_PHASE_STRIP = NO;
				DEBUG_INFORMATION_FORMAT = "dwarf-with-dsym";
				ENABLE_NS_ASSERTIONS = NO;
				ENABLE_STRICT_OBJC_MSGSEND = YES;
				GCC_C_LANGUAGE_STANDARD = gnu11;
				GCC_NO_COMMON_BLOCKS = YES;
				GCC_WARN_64_TO_32_BIT_CONVERSION = YES;
				GCC_WARN_ABOUT_RETURN_TYPE = YES_ERROR;
				GCC_WARN_UNDECLARED_SELECTOR = YES;
				GCC_WARN_UNINITIALIZED_AUTOS = YES_AGGRESSIVE;
				GCC_WARN_UNUSED_FUNCTION = YES;
				GCC_WARN_UNUSED_VARIABLE = YES;
				IPHONEOS_DEPLOYMENT_TARGET = 16.2;
				MTL_ENABLE_DEBUG_INFO = NO;
				MTL_FAST_MATH = YES;
				SDKROOT = iphoneos;
				SWIFT_COMPILATION_MODE = wholemodule;
				SWIFT_OPTIMIZATION_LEVEL = "-O";
				VALIDATE_PRODUCT = YES;
			};
			name = Release;
		};
		69B39EDA2A322BEA0037724D /* Debug */ = {
			isa = XCBuildConfiguration;
			buildSettings = {
				ASSETCATALOG_COMPILER_APPICON_NAME = AppIcon;
				ASSETCATALOG_COMPILER_GLOBAL_ACCENT_COLOR_NAME = AccentColor;
				CODE_SIGN_STYLE = Automatic;
				CURRENT_PROJECT_VERSION = 1;
				DEVELOPMENT_TEAM = 39AJ27VU38;
				GENERATE_INFOPLIST_FILE = YES;
				INFOPLIST_FILE = LoadWise/Info.plist;
				INFOPLIST_KEY_UIApplicationSupportsIndirectInputEvents = YES;
				INFOPLIST_KEY_UILaunchStoryboardName = LaunchScreen;
				INFOPLIST_KEY_UISupportedInterfaceOrientations_iPad = "UIInterfaceOrientationPortrait UIInterfaceOrientationPortraitUpsideDown UIInterfaceOrientationLandscapeLeft UIInterfaceOrientationLandscapeRight";
				INFOPLIST_KEY_UISupportedInterfaceOrientations_iPhone = "UIInterfaceOrientationPortrait UIInterfaceOrientationLandscapeLeft UIInterfaceOrientationLandscapeRight";
				LD_RUNPATH_SEARCH_PATHS = (
					"$(inherited)",
					"@executable_path/Frameworks",
				);
				MARKETING_VERSION = 1.0;
				PRODUCT_BUNDLE_IDENTIFIER = "com.elisakalil.apple-samplecode-landmarks.LoadWise";
				PRODUCT_NAME = "$(TARGET_NAME)";
				SWIFT_EMIT_LOC_STRINGS = YES;
				SWIFT_VERSION = 5.0;
				TARGETED_DEVICE_FAMILY = "1,2";
			};
			name = Debug;
		};
		69B39EDB2A322BEA0037724D /* Release */ = {
			isa = XCBuildConfiguration;
			buildSettings = {
				ASSETCATALOG_COMPILER_APPICON_NAME = AppIcon;
				ASSETCATALOG_COMPILER_GLOBAL_ACCENT_COLOR_NAME = AccentColor;
				CODE_SIGN_STYLE = Automatic;
				CURRENT_PROJECT_VERSION = 1;
				DEVELOPMENT_TEAM = 39AJ27VU38;
				GENERATE_INFOPLIST_FILE = YES;
				INFOPLIST_FILE = LoadWise/Info.plist;
				INFOPLIST_KEY_UIApplicationSupportsIndirectInputEvents = YES;
				INFOPLIST_KEY_UILaunchStoryboardName = LaunchScreen;
				INFOPLIST_KEY_UISupportedInterfaceOrientations_iPad = "UIInterfaceOrientationPortrait UIInterfaceOrientationPortraitUpsideDown UIInterfaceOrientationLandscapeLeft UIInterfaceOrientationLandscapeRight";
				INFOPLIST_KEY_UISupportedInterfaceOrientations_iPhone = "UIInterfaceOrientationPortrait UIInterfaceOrientationLandscapeLeft UIInterfaceOrientationLandscapeRight";
				LD_RUNPATH_SEARCH_PATHS = (
					"$(inherited)",
					"@executable_path/Frameworks",
				);
				MARKETING_VERSION = 1.0;
				PRODUCT_BUNDLE_IDENTIFIER = "com.elisakalil.apple-samplecode-landmarks.LoadWise";
				PRODUCT_NAME = "$(TARGET_NAME)";
				SWIFT_EMIT_LOC_STRINGS = YES;
				SWIFT_VERSION = 5.0;
				TARGETED_DEVICE_FAMILY = "1,2";
			};
			name = Release;
		};
/* End XCBuildConfiguration section */

/* Begin XCConfigurationList section */
		69B39EC02A322BE90037724D /* Build configuration list for PBXProject "LoadWise" */ = {
			isa = XCConfigurationList;
			buildConfigurations = (
				69B39ED72A322BEA0037724D /* Debug */,
				69B39ED82A322BEA0037724D /* Release */,
			);
			defaultConfigurationIsVisible = 0;
			defaultConfigurationName = Release;
		};
		69B39ED92A322BEA0037724D /* Build configuration list for PBXNativeTarget "LoadWise" */ = {
			isa = XCConfigurationList;
			buildConfigurations = (
				69B39EDA2A322BEA0037724D /* Debug */,
				69B39EDB2A322BEA0037724D /* Release */,
			);
			defaultConfigurationIsVisible = 0;
			defaultConfigurationName = Release;
		};
/* End XCConfigurationList section */
	};
	rootObject = 69B39EBD2A322BE90037724D /* Project object */;
}
